// !$*UTF8*$!
{
	archiveVersion = 1;
	classes = {
	};
	objectVersion = 55;
	objects = {

/* Begin PBXBuildFile section */
		881DDEF92770B9D500B24AD8 /* OYOApp.swift in Sources */ = {isa = PBXBuildFile; fileRef = 881DDEF82770B9D500B24AD8 /* OYOApp.swift */; };
		881DDEFD2770B9D700B24AD8 /* Assets.xcassets in Resources */ = {isa = PBXBuildFile; fileRef = 881DDEFC2770B9D700B24AD8 /* Assets.xcassets */; };
		881DDF002770B9D700B24AD8 /* Preview Assets.xcassets in Resources */ = {isa = PBXBuildFile; fileRef = 881DDEFF2770B9D700B24AD8 /* Preview Assets.xcassets */; };
		883EFF06278ECB4200227C08 /* SignOutButton.swift in Sources */ = {isa = PBXBuildFile; fileRef = 883EFF05278ECB4200227C08 /* SignOutButton.swift */; };
		8858B97C278AD7E9007F5020 /* AuthenticationViewModel.swift in Sources */ = {isa = PBXBuildFile; fileRef = 8858B97B278AD7E8007F5020 /* AuthenticationViewModel.swift */; };
		8858B97E278AE0D5007F5020 /* OwnersView.swift in Sources */ = {isa = PBXBuildFile; fileRef = 8858B97D278AE0D5007F5020 /* OwnersView.swift */; };
		8861C2A22770F6A000BC45A4 /* HotelsListView.swift in Sources */ = {isa = PBXBuildFile; fileRef = 8861C2A12770F6A000BC45A4 /* HotelsListView.swift */; };
		8861C2A52770F7CA00BC45A4 /* HotelData.swift in Sources */ = {isa = PBXBuildFile; fileRef = 8861C2A42770F7CA00BC45A4 /* HotelData.swift */; };
		8861C2A82770F81200BC45A4 /* HotelsViewModel.swift in Sources */ = {isa = PBXBuildFile; fileRef = 8861C2A72770F81200BC45A4 /* HotelsViewModel.swift */; };
		887C26E0278D734F002ADD1F /* RootView.swift in Sources */ = {isa = PBXBuildFile; fileRef = 887C26DF278D734F002ADD1F /* RootView.swift */; };
		887C26E4278D74A2002ADD1F /* ProfileView.swift in Sources */ = {isa = PBXBuildFile; fileRef = 887C26E3278D74A2002ADD1F /* ProfileView.swift */; };
		887C26E7278D76EC002ADD1F /* Storage.swift in Sources */ = {isa = PBXBuildFile; fileRef = 887C26E6278D76EC002ADD1F /* Storage.swift */; };
		8882220027902DD40041F256 /* CodableUserDefaults.swift in Sources */ = {isa = PBXBuildFile; fileRef = 888221FF27902DD40041F256 /* CodableUserDefaults.swift */; };
		8892039327880ED60084EEE7 /* ContentView.swift in Sources */ = {isa = PBXBuildFile; fileRef = 8892039227880ED60084EEE7 /* ContentView.swift */; };
		88920395278849130084EEE7 /* LoginView.swift in Sources */ = {isa = PBXBuildFile; fileRef = 88920394278849120084EEE7 /* LoginView.swift */; };
		88920398278853B80084EEE7 /* SignupView.swift in Sources */ = {isa = PBXBuildFile; fileRef = 88920397278853B80084EEE7 /* SignupView.swift */; };
		8898CA3C2771A7BA00EA2374 /* HotelDetailsView.swift in Sources */ = {isa = PBXBuildFile; fileRef = 8898CA3B2771A7BA00EA2374 /* HotelDetailsView.swift */; };
		8898CA3F2771C13500EA2374 /* FeaturesCard.swift in Sources */ = {isa = PBXBuildFile; fileRef = 8898CA3E2771C13500EA2374 /* FeaturesCard.swift */; };
		88A4F5F9278BF167007BDFC2 /* CustomTextField.swift in Sources */ = {isa = PBXBuildFile; fileRef = 88A4F5F8278BF166007BDFC2 /* CustomTextField.swift */; };
		88A4F5FB278BF1A6007BDFC2 /* CustomSecureField.swift in Sources */ = {isa = PBXBuildFile; fileRef = 88A4F5FA278BF1A6007BDFC2 /* CustomSecureField.swift */; };
		88A4F5FD278BF1EC007BDFC2 /* PrimaryButton.swift in Sources */ = {isa = PBXBuildFile; fileRef = 88A4F5FC278BF1EC007BDFC2 /* PrimaryButton.swift */; };
		88BED035278B16420004668B /* Authentication.swift in Sources */ = {isa = PBXBuildFile; fileRef = 88BED034278B16420004668B /* Authentication.swift */; };
		88E79ABD27931B3F00421E30 /* ProfileViewModel.swift in Sources */ = {isa = PBXBuildFile; fileRef = 88E79ABC27931B3F00421E30 /* ProfileViewModel.swift */; };
/* End PBXBuildFile section */

/* Begin PBXFileReference section */
		881DDEF52770B9D400B24AD8 /* Bookz.app */ = {isa = PBXFileReference; explicitFileType = wrapper.application; includeInIndex = 0; path = Bookz.app; sourceTree = BUILT_PRODUCTS_DIR; };
		881DDEF82770B9D500B24AD8 /* OYOApp.swift */ = {isa = PBXFileReference; lastKnownFileType = sourcecode.swift; path = OYOApp.swift; sourceTree = "<group>"; };
		881DDEFC2770B9D700B24AD8 /* Assets.xcassets */ = {isa = PBXFileReference; lastKnownFileType = folder.assetcatalog; path = Assets.xcassets; sourceTree = "<group>"; };
		881DDEFF2770B9D700B24AD8 /* Preview Assets.xcassets */ = {isa = PBXFileReference; lastKnownFileType = folder.assetcatalog; path = "Preview Assets.xcassets"; sourceTree = "<group>"; };
		883EFF05278ECB4200227C08 /* SignOutButton.swift */ = {isa = PBXFileReference; lastKnownFileType = sourcecode.swift; path = SignOutButton.swift; sourceTree = "<group>"; };
		884435E92772FB6600AE188E /* OYO.entitlements */ = {isa = PBXFileReference; lastKnownFileType = text.plist.entitlements; path = OYO.entitlements; sourceTree = "<group>"; };
		8858B97B278AD7E8007F5020 /* AuthenticationViewModel.swift */ = {isa = PBXFileReference; lastKnownFileType = sourcecode.swift; path = AuthenticationViewModel.swift; sourceTree = "<group>"; };
		8858B97D278AE0D5007F5020 /* OwnersView.swift */ = {isa = PBXFileReference; lastKnownFileType = sourcecode.swift; path = OwnersView.swift; sourceTree = "<group>"; };
		8861C2A12770F6A000BC45A4 /* HotelsListView.swift */ = {isa = PBXFileReference; lastKnownFileType = sourcecode.swift; path = HotelsListView.swift; sourceTree = "<group>"; };
		8861C2A42770F7CA00BC45A4 /* HotelData.swift */ = {isa = PBXFileReference; lastKnownFileType = sourcecode.swift; path = HotelData.swift; sourceTree = "<group>"; };
		8861C2A72770F81200BC45A4 /* HotelsViewModel.swift */ = {isa = PBXFileReference; lastKnownFileType = sourcecode.swift; path = HotelsViewModel.swift; sourceTree = "<group>"; };
		887C26DF278D734F002ADD1F /* RootView.swift */ = {isa = PBXFileReference; lastKnownFileType = sourcecode.swift; path = RootView.swift; sourceTree = "<group>"; };
		887C26E3278D74A2002ADD1F /* ProfileView.swift */ = {isa = PBXFileReference; lastKnownFileType = sourcecode.swift; path = ProfileView.swift; sourceTree = "<group>"; };
		887C26E6278D76EC002ADD1F /* Storage.swift */ = {isa = PBXFileReference; lastKnownFileType = sourcecode.swift; path = Storage.swift; sourceTree = "<group>"; };
		888221FF27902DD40041F256 /* CodableUserDefaults.swift */ = {isa = PBXFileReference; lastKnownFileType = sourcecode.swift; path = CodableUserDefaults.swift; sourceTree = "<group>"; };
		8892039227880ED60084EEE7 /* ContentView.swift */ = {isa = PBXFileReference; lastKnownFileType = sourcecode.swift; path = ContentView.swift; sourceTree = "<group>"; };
		88920394278849120084EEE7 /* LoginView.swift */ = {isa = PBXFileReference; lastKnownFileType = sourcecode.swift; path = LoginView.swift; sourceTree = "<group>"; };
		88920397278853B80084EEE7 /* SignupView.swift */ = {isa = PBXFileReference; lastKnownFileType = sourcecode.swift; path = SignupView.swift; sourceTree = "<group>"; };
		8898CA3B2771A7BA00EA2374 /* HotelDetailsView.swift */ = {isa = PBXFileReference; lastKnownFileType = sourcecode.swift; path = HotelDetailsView.swift; sourceTree = "<group>"; };
		8898CA3E2771C13500EA2374 /* FeaturesCard.swift */ = {isa = PBXFileReference; lastKnownFileType = sourcecode.swift; path = FeaturesCard.swift; sourceTree = "<group>"; };
		88A4F5F8278BF166007BDFC2 /* CustomTextField.swift */ = {isa = PBXFileReference; lastKnownFileType = sourcecode.swift; path = CustomTextField.swift; sourceTree = "<group>"; };
		88A4F5FA278BF1A6007BDFC2 /* CustomSecureField.swift */ = {isa = PBXFileReference; lastKnownFileType = sourcecode.swift; path = CustomSecureField.swift; sourceTree = "<group>"; };
		88A4F5FC278BF1EC007BDFC2 /* PrimaryButton.swift */ = {isa = PBXFileReference; lastKnownFileType = sourcecode.swift; path = PrimaryButton.swift; sourceTree = "<group>"; };
		88BED034278B16420004668B /* Authentication.swift */ = {isa = PBXFileReference; lastKnownFileType = sourcecode.swift; path = Authentication.swift; sourceTree = "<group>"; };
		88E79ABC27931B3F00421E30 /* ProfileViewModel.swift */ = {isa = PBXFileReference; lastKnownFileType = sourcecode.swift; path = ProfileViewModel.swift; sourceTree = "<group>"; };
/* End PBXFileReference section */

/* Begin PBXFrameworksBuildPhase section */
		881DDEF22770B9D400B24AD8 /* Frameworks */ = {
			isa = PBXFrameworksBuildPhase;
			buildActionMask = 2147483647;
			files = (
			);
			runOnlyForDeploymentPostprocessing = 0;
		};
/* End PBXFrameworksBuildPhase section */

/* Begin PBXGroup section */
		881DDEEC2770B9D400B24AD8 = {
			isa = PBXGroup;
			children = (
				881DDEF72770B9D400B24AD8 /* OYO */,
				881DDEF62770B9D400B24AD8 /* Products */,
			);
			sourceTree = "<group>";
		};
		881DDEF62770B9D400B24AD8 /* Products */ = {
			isa = PBXGroup;
			children = (
				881DDEF52770B9D400B24AD8 /* Bookz.app */,
			);
			name = Products;
			sourceTree = "<group>";
		};
		881DDEF72770B9D400B24AD8 /* OYO */ = {
			isa = PBXGroup;
			children = (
				884435E92772FB6600AE188E /* OYO.entitlements */,
				881DDEF82770B9D500B24AD8 /* OYOApp.swift */,
				8861C2A32770F7B700BC45A4 /* Model */,
				8861C2A92770FA5F00BC45A4 /* View */,
				8861C2A62770F7FB00BC45A4 /* ViewModel */,
				8898CA3D2771C0E800EA2374 /* Components */,
				887C26E5278D76DB002ADD1F /* Utils */,
				881DDEFC2770B9D700B24AD8 /* Assets.xcassets */,
				881DDEFE2770B9D700B24AD8 /* Preview Content */,
			);
			path = OYO;
			sourceTree = "<group>";
		};
		881DDEFE2770B9D700B24AD8 /* Preview Content */ = {
			isa = PBXGroup;
			children = (
				881DDEFF2770B9D700B24AD8 /* Preview Assets.xcassets */,
			);
			path = "Preview Content";
			sourceTree = "<group>";
		};
		8861C2A32770F7B700BC45A4 /* Model */ = {
			isa = PBXGroup;
			children = (
				8861C2A42770F7CA00BC45A4 /* HotelData.swift */,
				88BED034278B16420004668B /* Authentication.swift */,
			);
			path = Model;
			sourceTree = "<group>";
		};
		8861C2A62770F7FB00BC45A4 /* ViewModel */ = {
			isa = PBXGroup;
			children = (
				8861C2A72770F81200BC45A4 /* HotelsViewModel.swift */,
				8858B97B278AD7E8007F5020 /* AuthenticationViewModel.swift */,
				88E79ABC27931B3F00421E30 /* ProfileViewModel.swift */,
			);
			path = ViewModel;
			sourceTree = "<group>";
		};
		8861C2A92770FA5F00BC45A4 /* View */ = {
			isa = PBXGroup;
			children = (
				889203962788539A0084EEE7 /* Authentication */,
				887C26E1278D7481002ADD1F /* Hotels */,
				8892039227880ED60084EEE7 /* ContentView.swift */,
				887C26DF278D734F002ADD1F /* RootView.swift */,
			);
			path = View;
			sourceTree = "<group>";
		};
		887C26E1278D7481002ADD1F /* Hotels */ = {
			isa = PBXGroup;
			children = (
				887C26E2278D7493002ADD1F /* Profile */,
				8861C2A12770F6A000BC45A4 /* HotelsListView.swift */,
				8898CA3B2771A7BA00EA2374 /* HotelDetailsView.swift */,
			);
			path = Hotels;
			sourceTree = "<group>";
		};
		887C26E2278D7493002ADD1F /* Profile */ = {
			isa = PBXGroup;
			children = (
				887C26E3278D74A2002ADD1F /* ProfileView.swift */,
			);
			path = Profile;
			sourceTree = "<group>";
		};
		887C26E5278D76DB002ADD1F /* Utils */ = {
			isa = PBXGroup;
			children = (
				887C26E6278D76EC002ADD1F /* Storage.swift */,
				888221FF27902DD40041F256 /* CodableUserDefaults.swift */,
			);
			path = Utils;
			sourceTree = "<group>";
		};
		889203962788539A0084EEE7 /* Authentication */ = {
			isa = PBXGroup;
			children = (
				88920394278849120084EEE7 /* LoginView.swift */,
				88920397278853B80084EEE7 /* SignupView.swift */,
				8858B97D278AE0D5007F5020 /* OwnersView.swift */,
			);
			path = Authentication;
			sourceTree = "<group>";
		};
		8898CA3D2771C0E800EA2374 /* Components */ = {
			isa = PBXGroup;
			children = (
				8898CA3E2771C13500EA2374 /* FeaturesCard.swift */,
				88A4F5F8278BF166007BDFC2 /* CustomTextField.swift */,
				88A4F5FA278BF1A6007BDFC2 /* CustomSecureField.swift */,
				88A4F5FC278BF1EC007BDFC2 /* PrimaryButton.swift */,
				883EFF05278ECB4200227C08 /* SignOutButton.swift */,
			);
			path = Components;
			sourceTree = "<group>";
		};
/* End PBXGroup section */

/* Begin PBXNativeTarget section */
		881DDEF42770B9D400B24AD8 /* OYO */ = {
			isa = PBXNativeTarget;
			buildConfigurationList = 881DDF032770B9D700B24AD8 /* Build configuration list for PBXNativeTarget "OYO" */;
			buildPhases = (
				881DDEF12770B9D400B24AD8 /* Sources */,
				881DDEF22770B9D400B24AD8 /* Frameworks */,
				881DDEF32770B9D400B24AD8 /* Resources */,
			);
			buildRules = (
			);
			dependencies = (
			);
			name = OYO;
			productName = OYO;
			productReference = 881DDEF52770B9D400B24AD8 /* Bookz.app */;
			productType = "com.apple.product-type.application";
		};
/* End PBXNativeTarget section */

/* Begin PBXProject section */
		881DDEED2770B9D400B24AD8 /* Project object */ = {
			isa = PBXProject;
			attributes = {
				BuildIndependentTargetsInParallel = 1;
				LastSwiftUpdateCheck = 1320;
				LastUpgradeCheck = 1320;
				TargetAttributes = {
					881DDEF42770B9D400B24AD8 = {
						CreatedOnToolsVersion = 13.2.1;
					};
				};
			};
			buildConfigurationList = 881DDEF02770B9D400B24AD8 /* Build configuration list for PBXProject "OYO" */;
			compatibilityVersion = "Xcode 13.0";
			developmentRegion = en;
			hasScannedForEncodings = 0;
			knownRegions = (
				en,
				Base,
			);
			mainGroup = 881DDEEC2770B9D400B24AD8;
			productRefGroup = 881DDEF62770B9D400B24AD8 /* Products */;
			projectDirPath = "";
			projectRoot = "";
			targets = (
				881DDEF42770B9D400B24AD8 /* OYO */,
			);
		};
/* End PBXProject section */

/* Begin PBXResourcesBuildPhase section */
		881DDEF32770B9D400B24AD8 /* Resources */ = {
			isa = PBXResourcesBuildPhase;
			buildActionMask = 2147483647;
			files = (
				881DDF002770B9D700B24AD8 /* Preview Assets.xcassets in Resources */,
				881DDEFD2770B9D700B24AD8 /* Assets.xcassets in Resources */,
			);
			runOnlyForDeploymentPostprocessing = 0;
		};
/* End PBXResourcesBuildPhase section */

/* Begin PBXSourcesBuildPhase section */
		881DDEF12770B9D400B24AD8 /* Sources */ = {
			isa = PBXSourcesBuildPhase;
			buildActionMask = 2147483647;
			files = (
				8898CA3F2771C13500EA2374 /* FeaturesCard.swift in Sources */,
				8858B97C278AD7E9007F5020 /* AuthenticationViewModel.swift in Sources */,
				8861C2A52770F7CA00BC45A4 /* HotelData.swift in Sources */,
				8892039327880ED60084EEE7 /* ContentView.swift in Sources */,
				88920395278849130084EEE7 /* LoginView.swift in Sources */,
				887C26E7278D76EC002ADD1F /* Storage.swift in Sources */,
				88E79ABD27931B3F00421E30 /* ProfileViewModel.swift in Sources */,
				88BED035278B16420004668B /* Authentication.swift in Sources */,
				88A4F5FD278BF1EC007BDFC2 /* PrimaryButton.swift in Sources */,
				8858B97E278AE0D5007F5020 /* OwnersView.swift in Sources */,
				883EFF06278ECB4200227C08 /* SignOutButton.swift in Sources */,
				8882220027902DD40041F256 /* CodableUserDefaults.swift in Sources */,
				88A4F5FB278BF1A6007BDFC2 /* CustomSecureField.swift in Sources */,
				887C26E4278D74A2002ADD1F /* ProfileView.swift in Sources */,
				88920398278853B80084EEE7 /* SignupView.swift in Sources */,
				881DDEF92770B9D500B24AD8 /* OYOApp.swift in Sources */,
				8861C2A22770F6A000BC45A4 /* HotelsListView.swift in Sources */,
				8898CA3C2771A7BA00EA2374 /* HotelDetailsView.swift in Sources */,
				887C26E0278D734F002ADD1F /* RootView.swift in Sources */,
				8861C2A82770F81200BC45A4 /* HotelsViewModel.swift in Sources */,
				88A4F5F9278BF167007BDFC2 /* CustomTextField.swift in Sources */,
			);
			runOnlyForDeploymentPostprocessing = 0;
		};
/* End PBXSourcesBuildPhase section */

/* Begin XCBuildConfiguration section */
		881DDF012770B9D700B24AD8 /* Debug */ = {
			isa = XCBuildConfiguration;
			buildSettings = {
				ALWAYS_SEARCH_USER_PATHS = NO;
				CLANG_ANALYZER_NONNULL = YES;
				CLANG_ANALYZER_NUMBER_OBJECT_CONVERSION = YES_AGGRESSIVE;
				CLANG_CXX_LANGUAGE_STANDARD = "gnu++17";
				CLANG_CXX_LIBRARY = "libc++";
				CLANG_ENABLE_MODULES = YES;
				CLANG_ENABLE_OBJC_ARC = YES;
				CLANG_ENABLE_OBJC_WEAK = YES;
				CLANG_WARN_BLOCK_CAPTURE_AUTORELEASING = YES;
				CLANG_WARN_BOOL_CONVERSION = YES;
				CLANG_WARN_COMMA = YES;
				CLANG_WARN_CONSTANT_CONVERSION = YES;
				CLANG_WARN_DEPRECATED_OBJC_IMPLEMENTATIONS = YES;
				CLANG_WARN_DIRECT_OBJC_ISA_USAGE = YES_ERROR;
				CLANG_WARN_DOCUMENTATION_COMMENTS = YES;
				CLANG_WARN_EMPTY_BODY = YES;
				CLANG_WARN_ENUM_CONVERSION = YES;
				CLANG_WARN_INFINITE_RECURSION = YES;
				CLANG_WARN_INT_CONVERSION = YES;
				CLANG_WARN_NON_LITERAL_NULL_CONVERSION = YES;
				CLANG_WARN_OBJC_IMPLICIT_RETAIN_SELF = YES;
				CLANG_WARN_OBJC_LITERAL_CONVERSION = YES;
				CLANG_WARN_OBJC_ROOT_CLASS = YES_ERROR;
				CLANG_WARN_QUOTED_INCLUDE_IN_FRAMEWORK_HEADER = YES;
				CLANG_WARN_RANGE_LOOP_ANALYSIS = YES;
				CLANG_WARN_STRICT_PROTOTYPES = YES;
				CLANG_WARN_SUSPICIOUS_MOVE = YES;
				CLANG_WARN_UNGUARDED_AVAILABILITY = YES_AGGRESSIVE;
				CLANG_WARN_UNREACHABLE_CODE = YES;
				CLANG_WARN__DUPLICATE_METHOD_MATCH = YES;
				COPY_PHASE_STRIP = NO;
				DEBUG_INFORMATION_FORMAT = dwarf;
				ENABLE_STRICT_OBJC_MSGSEND = YES;
				ENABLE_TESTABILITY = YES;
				GCC_C_LANGUAGE_STANDARD = gnu11;
				GCC_DYNAMIC_NO_PIC = NO;
				GCC_NO_COMMON_BLOCKS = YES;
				GCC_OPTIMIZATION_LEVEL = 0;
				GCC_PREPROCESSOR_DEFINITIONS = (
					"DEBUG=1",
					"$(inherited)",
				);
				GCC_WARN_64_TO_32_BIT_CONVERSION = YES;
				GCC_WARN_ABOUT_RETURN_TYPE = YES_ERROR;
				GCC_WARN_UNDECLARED_SELECTOR = YES;
				GCC_WARN_UNINITIALIZED_AUTOS = YES_AGGRESSIVE;
				GCC_WARN_UNUSED_FUNCTION = YES;
				GCC_WARN_UNUSED_VARIABLE = YES;
				IPHONEOS_DEPLOYMENT_TARGET = 15.2;
				MTL_ENABLE_DEBUG_INFO = INCLUDE_SOURCE;
				MTL_FAST_MATH = YES;
				ONLY_ACTIVE_ARCH = YES;
				SDKROOT = iphoneos;
				SWIFT_ACTIVE_COMPILATION_CONDITIONS = DEBUG;
				SWIFT_OPTIMIZATION_LEVEL = "-Onone";
			};
			name = Debug;
		};
		881DDF022770B9D700B24AD8 /* Release */ = {
			isa = XCBuildConfiguration;
			buildSettings = {
				ALWAYS_SEARCH_USER_PATHS = NO;
				CLANG_ANALYZER_NONNULL = YES;
				CLANG_ANALYZER_NUMBER_OBJECT_CONVERSION = YES_AGGRESSIVE;
				CLANG_CXX_LANGUAGE_STANDARD = "gnu++17";
				CLANG_CXX_LIBRARY = "libc++";
				CLANG_ENABLE_MODULES = YES;
				CLANG_ENABLE_OBJC_ARC = YES;
				CLANG_ENABLE_OBJC_WEAK = YES;
				CLANG_WARN_BLOCK_CAPTURE_AUTORELEASING = YES;
				CLANG_WARN_BOOL_CONVERSION = YES;
				CLANG_WARN_COMMA = YES;
				CLANG_WARN_CONSTANT_CONVERSION = YES;
				CLANG_WARN_DEPRECATED_OBJC_IMPLEMENTATIONS = YES;
				CLANG_WARN_DIRECT_OBJC_ISA_USAGE = YES_ERROR;
				CLANG_WARN_DOCUMENTATION_COMMENTS = YES;
				CLANG_WARN_EMPTY_BODY = YES;
				CLANG_WARN_ENUM_CONVERSION = YES;
				CLANG_WARN_INFINITE_RECURSION = YES;
				CLANG_WARN_INT_CONVERSION = YES;
				CLANG_WARN_NON_LITERAL_NULL_CONVERSION = YES;
				CLANG_WARN_OBJC_IMPLICIT_RETAIN_SELF = YES;
				CLANG_WARN_OBJC_LITERAL_CONVERSION = YES;
				CLANG_WARN_OBJC_ROOT_CLASS = YES_ERROR;
				CLANG_WARN_QUOTED_INCLUDE_IN_FRAMEWORK_HEADER = YES;
				CLANG_WARN_RANGE_LOOP_ANALYSIS = YES;
				CLANG_WARN_STRICT_PROTOTYPES = YES;
				CLANG_WARN_SUSPICIOUS_MOVE = YES;
				CLANG_WARN_UNGUARDED_AVAILABILITY = YES_AGGRESSIVE;
				CLANG_WARN_UNREACHABLE_CODE = YES;
				CLANG_WARN__DUPLICATE_METHOD_MATCH = YES;
				COPY_PHASE_STRIP = NO;
				DEBUG_INFORMATION_FORMAT = "dwarf-with-dsym";
				ENABLE_NS_ASSERTIONS = NO;
				ENABLE_STRICT_OBJC_MSGSEND = YES;
				GCC_C_LANGUAGE_STANDARD = gnu11;
				GCC_NO_COMMON_BLOCKS = YES;
				GCC_WARN_64_TO_32_BIT_CONVERSION = YES;
				GCC_WARN_ABOUT_RETURN_TYPE = YES_ERROR;
				GCC_WARN_UNDECLARED_SELECTOR = YES;
				GCC_WARN_UNINITIALIZED_AUTOS = YES_AGGRESSIVE;
				GCC_WARN_UNUSED_FUNCTION = YES;
				GCC_WARN_UNUSED_VARIABLE = YES;
				IPHONEOS_DEPLOYMENT_TARGET = 15.2;
				MTL_ENABLE_DEBUG_INFO = NO;
				MTL_FAST_MATH = YES;
				SDKROOT = iphoneos;
				SWIFT_COMPILATION_MODE = wholemodule;
				SWIFT_OPTIMIZATION_LEVEL = "-O";
				VALIDATE_PRODUCT = YES;
			};
			name = Release;
		};
		881DDF042770B9D700B24AD8 /* Debug */ = {
			isa = XCBuildConfiguration;
			buildSettings = {
				ASSETCATALOG_COMPILER_APPICON_NAME = AppIcon;
				ASSETCATALOG_COMPILER_GLOBAL_ACCENT_COLOR_NAME = AccentColor;
				CODE_SIGN_ENTITLEMENTS = OYO/OYO.entitlements;
				CODE_SIGN_STYLE = Automatic;
				CURRENT_PROJECT_VERSION = 1;
				DEVELOPMENT_ASSET_PATHS = "\"OYO/Preview Content\"";
				DEVELOPMENT_TEAM = 5Q2G7C7C3U;
				ENABLE_PREVIEWS = YES;
				GENERATE_INFOPLIST_FILE = YES;
				INFOPLIST_KEY_UIApplicationSceneManifest_Generation = YES;
				INFOPLIST_KEY_UIApplicationSupportsIndirectInputEvents = YES;
				INFOPLIST_KEY_UILaunchScreen_Generation = YES;
				INFOPLIST_KEY_UISupportedInterfaceOrientations_iPad = "UIInterfaceOrientationPortrait UIInterfaceOrientationPortraitUpsideDown UIInterfaceOrientationLandscapeLeft UIInterfaceOrientationLandscapeRight";
				INFOPLIST_KEY_UISupportedInterfaceOrientations_iPhone = "UIInterfaceOrientationPortrait UIInterfaceOrientationLandscapeLeft UIInterfaceOrientationLandscapeRight";
				IPHONEOS_DEPLOYMENT_TARGET = 15.0;
				LD_RUNPATH_SEARCH_PATHS = (
					"$(inherited)",
					"@executable_path/Frameworks",
				);
				MARKETING_VERSION = 1.0;
				PRODUCT_BUNDLE_IDENTIFIER = com.vishwa.OYO;
				PRODUCT_NAME = Bookz;
				SUPPORTS_MACCATALYST = NO;
				SWIFT_EMIT_LOC_STRINGS = YES;
				SWIFT_VERSION = 5.0;
				TARGETED_DEVICE_FAMILY = "1,2";
			};
			name = Debug;
		};
		881DDF052770B9D700B24AD8 /* Release */ = {
			isa = XCBuildConfiguration;
			buildSettings = {
				ASSETCATALOG_COMPILER_APPICON_NAME = AppIcon;
				ASSETCATALOG_COMPILER_GLOBAL_ACCENT_COLOR_NAME = AccentColor;
				CODE_SIGN_ENTITLEMENTS = OYO/OYO.entitlements;
				CODE_SIGN_STYLE = Automatic;
				CURRENT_PROJECT_VERSION = 1;
				DEVELOPMENT_ASSET_PATHS = "\"OYO/Preview Content\"";
				DEVELOPMENT_TEAM = 5Q2G7C7C3U;
				ENABLE_PREVIEWS = YES;
				GENERATE_INFOPLIST_FILE = YES;
				INFOPLIST_KEY_UIApplicationSceneManifest_Generation = YES;
				INFOPLIST_KEY_UIApplicationSupportsIndirectInputEvents = YES;
				INFOPLIST_KEY_UILaunchScreen_Generation = YES;
				INFOPLIST_KEY_UISupportedInterfaceOrientations_iPad = "UIInterfaceOrientationPortrait UIInterfaceOrientationPortraitUpsideDown UIInterfaceOrientationLandscapeLeft UIInterfaceOrientationLandscapeRight";
				INFOPLIST_KEY_UISupportedInterfaceOrientations_iPhone = "UIInterfaceOrientationPortrait UIInterfaceOrientationLandscapeLeft UIInterfaceOrientationLandscapeRight";
				IPHONEOS_DEPLOYMENT_TARGET = 15.0;
				LD_RUNPATH_SEARCH_PATHS = (
					"$(inherited)",
					"@executable_path/Frameworks",
				);
				MARKETING_VERSION = 1.0;
				PRODUCT_BUNDLE_IDENTIFIER = com.vishwa.OYO;
				PRODUCT_NAME = Bookz;
				SUPPORTS_MACCATALYST = NO;
				SWIFT_EMIT_LOC_STRINGS = YES;
				SWIFT_VERSION = 5.0;
				TARGETED_DEVICE_FAMILY = "1,2";
			};
			name = Release;
		};
/* End XCBuildConfiguration section */

/* Begin XCConfigurationList section */
		881DDEF02770B9D400B24AD8 /* Build configuration list for PBXProject "OYO" */ = {
			isa = XCConfigurationList;
			buildConfigurations = (
				881DDF012770B9D700B24AD8 /* Debug */,
				881DDF022770B9D700B24AD8 /* Release */,
			);
			defaultConfigurationIsVisible = 0;
			defaultConfigurationName = Release;
		};
		881DDF032770B9D700B24AD8 /* Build configuration list for PBXNativeTarget "OYO" */ = {
			isa = XCConfigurationList;
			buildConfigurations = (
				881DDF042770B9D700B24AD8 /* Debug */,
				881DDF052770B9D700B24AD8 /* Release */,
			);
			defaultConfigurationIsVisible = 0;
			defaultConfigurationName = Release;
		};
/* End XCConfigurationList section */
	};
	rootObject = 881DDEED2770B9D400B24AD8 /* Project object */;
}
